
Microsoft Visual Studio Solution File, Format Version 12.00
# Visual Studio Version 17
VisualStudioVersion = 17.5.33424.131
MinimumVisualStudioVersion = 10.0.40219.1
Project("{9A19103F-16F7-4668-BE54-9A1E7A4F7556}") = "MyShopCore.Web.Api", "MyShopCore.Web.Api\MyShopCore.Web.Api.csproj", "{1038AF11-07C2-4707-9785-C10B3D76AD43}"
EndProject
Project("{FAE04EC0-301F-11D3-BF4B-00C04F79EFBC}") = "MyShopCore.Web.Api.Tests.Unit", "MyShopCore.Web.Api.Tests.Unit\MyShopCore.Web.Api.Tests.Unit.csproj", "{EE22485E-84B1-4CE6-946D-129A9FDDCEA0}"
EndProject
Global
	GlobalSection(SolutionConfigurationPlatforms) = preSolution
		Debug|Any CPU = Debug|Any CPU
		Release|Any CPU = Release|Any CPU
	EndGlobalSection
	GlobalSection(ProjectConfigurationPlatforms) = postSolution
		{1038AF11-07C2-4707-9785-C10B3D76AD43}.Debug|Any CPU.ActiveCfg = Debug|Any CPU
		{1038AF11-07C2-4707-9785-C10B3D76AD43}.Debug|Any CPU.Build.0 = Debug|Any CPU
		{1038AF11-07C2-4707-9785-C10B3D76AD43}.Release|Any CPU.ActiveCfg = Release|Any CPU
		{1038AF11-07C2-4707-9785-C10B3D76AD43}.Release|Any CPU.Build.0 = Release|Any CPU
		{EE22485E-84B1-4CE6-946D-129A9FDDCEA0}.Debug|Any CPU.ActiveCfg = Debug|Any CPU
		{EE22485E-84B1-4CE6-946D-129A9FDDCEA0}.Debug|Any CPU.Build.0 = Debug|Any CPU
		{EE22485E-84B1-4CE6-946D-129A9FDDCEA0}.Release|Any CPU.ActiveCfg = Release|Any CPU
		{EE22485E-84B1-4CE6-946D-129A9FDDCEA0}.Release|Any CPU.Build.0 = Release|Any CPU
	EndGlobalSection
	GlobalSection(SolutionProperties) = preSolution
		HideSolutionNode = FALSE
	EndGlobalSection
	GlobalSection(ExtensibilityGlobals) = postSolution
		SolutionGuid = {7D611A29-ACEF-40A0-AC09-14643D2D9E89}
	EndGlobalSection
EndGlobal
